
Microsoft Visual Studio Solution File, Format Version 12.00
# Visual Studio Version 17
VisualStudioVersion = 17.8.34601.278
MinimumVisualStudioVersion = 10.0.40219.1
Project("{9A19103F-16F7-4668-BE54-9A1E7A4F7556}") = "Api", "Api\Api.csproj", "{7EB781D5-C983-44D2-935A-4EE019307A4D}"
EndProject
Global
	GlobalSection(SolutionConfigurationPlatforms) = preSolution
		Debug|Any CPU = Debug|Any CPU
		Release|Any CPU = Release|Any CPU
	EndGlobalSection
	GlobalSection(ProjectConfigurationPlatforms) = postSolution
		{7EB781D5-C983-44D2-935A-4EE019307A4D}.Debug|Any CPU.ActiveCfg = Debug|Any CPU
		{7EB781D5-C983-44D2-935A-4EE019307A4D}.Debug|Any CPU.Build.0 = Debug|Any CPU
		{7EB781D5-C983-44D2-935A-4EE019307A4D}.Release|Any CPU.ActiveCfg = Release|Any CPU
		{7EB781D5-C983-44D2-935A-4EE019307A4D}.Release|Any CPU.Build.0 = Release|Any CPU
	EndGlobalSection
	GlobalSection(SolutionProperties) = preSolution
		HideSolutionNode = FALSE
	EndGlobalSection
	GlobalSection(ExtensibilityGlobals) = postSolution
		SolutionGuid = {973F2A90-D0D2-4D7B-8E8D-335E1DECDDC7}
	EndGlobalSection
EndGlobal
